
Microsoft Visual Studio Solution File, Format Version 12.00
# Visual Studio Version 17
VisualStudioVersion = 17.14.36518.9 d17.14
MinimumVisualStudioVersion = 10.0.40219.1
Project("{FAE04EC0-301F-11D3-BF4B-00C04F79EFBC}") = "StudentDiary.Presentation", "StudentDiary.Presentation\StudentDiary.Presentation.csproj", "{91343FB5-CFE6-45DC-8CBA-FC629E5D5E4B}"
EndProject
Project("{FAE04EC0-301F-11D3-BF4B-00C04F79EFBC}") = "StudentDiary.Infrastructure", "StudentDiary.Infrastructure\StudentDiary.Infrastructure.csproj", "{417A8D19-CE38-4FA9-9D15-070290A5D063}"
EndProject
Project("{FAE04EC0-301F-11D3-BF4B-00C04F79EFBC}") = "StudentDiary.Services", "StudentDiary.Services\StudentDiary.Services.csproj", "{0F80E086-1825-427E-8F1B-BF3CFDDB3AAB}"
EndProject
Global
	GlobalSection(SolutionConfigurationPlatforms) = preSolution
		Debug|Any CPU = Debug|Any CPU
		Release|Any CPU = Release|Any CPU
	EndGlobalSection
	GlobalSection(ProjectConfigurationPlatforms) = postSolution
		{91343FB5-CFE6-45DC-8CBA-FC629E5D5E4B}.Debug|Any CPU.ActiveCfg = Debug|Any CPU
		{91343FB5-CFE6-45DC-8CBA-FC629E5D5E4B}.Debug|Any CPU.Build.0 = Debug|Any CPU
		{91343FB5-CFE6-45DC-8CBA-FC629E5D5E4B}.Release|Any CPU.ActiveCfg = Release|Any CPU
		{91343FB5-CFE6-45DC-8CBA-FC629E5D5E4B}.Release|Any CPU.Build.0 = Release|Any CPU
		{417A8D19-CE38-4FA9-9D15-070290A5D063}.Debug|Any CPU.ActiveCfg = Debug|Any CPU
		{417A8D19-CE38-4FA9-9D15-070290A5D063}.Debug|Any CPU.Build.0 = Debug|Any CPU
		{417A8D19-CE38-4FA9-9D15-070290A5D063}.Release|Any CPU.ActiveCfg = Release|Any CPU
		{417A8D19-CE38-4FA9-9D15-070290A5D063}.Release|Any CPU.Build.0 = Release|Any CPU
		{0F80E086-1825-427E-8F1B-BF3CFDDB3AAB}.Debug|Any CPU.ActiveCfg = Debug|Any CPU
		{0F80E086-1825-427E-8F1B-BF3CFDDB3AAB}.Debug|Any CPU.Build.0 = Debug|Any CPU
		{0F80E086-1825-427E-8F1B-BF3CFDDB3AAB}.Release|Any CPU.ActiveCfg = Release|Any CPU
		{0F80E086-1825-427E-8F1B-BF3CFDDB3AAB}.Release|Any CPU.Build.0 = Release|Any CPU
	EndGlobalSection
	GlobalSection(SolutionProperties) = preSolution
		HideSolutionNode = FALSE
	EndGlobalSection
	GlobalSection(ExtensibilityGlobals) = postSolution
		SolutionGuid = {6FDE070B-20BB-486B-9065-43E2B8E2CF98}
	EndGlobalSection
EndGlobal
